// !$*UTF8*$!
{
	archiveVersion = 1;
	classes = {
	};
	objectVersion = 50;
	objects = {

/* Begin PBXBuildFile section */
		8081A7C220C138CB00F72B81 /* AppDelegate.swift in Sources */ = {isa = PBXBuildFile; fileRef = 8081A7C120C138CB00F72B81 /* AppDelegate.swift */; };
		8081A7C420C138CB00F72B81 /* ViewController.swift in Sources */ = {isa = PBXBuildFile; fileRef = 8081A7C320C138CB00F72B81 /* ViewController.swift */; };
		8081A7C720C138CB00F72B81 /* Main.storyboard in Resources */ = {isa = PBXBuildFile; fileRef = 8081A7C520C138CB00F72B81 /* Main.storyboard */; };
		8081A7C920C138CE00F72B81 /* Assets.xcassets in Resources */ = {isa = PBXBuildFile; fileRef = 8081A7C820C138CE00F72B81 /* Assets.xcassets */; };
		8081A7CC20C138CE00F72B81 /* LaunchScreen.storyboard in Resources */ = {isa = PBXBuildFile; fileRef = 8081A7CA20C138CE00F72B81 /* LaunchScreen.storyboard */; };
		8081A7D420C1391C00F72B81 /* MaterialSwitch.swift in Sources */ = {isa = PBXBuildFile; fileRef = 8081A7D320C1391C00F72B81 /* MaterialSwitch.swift */; };
/* End PBXBuildFile section */

/* Begin PBXFileReference section */
		8081A7BE20C138CB00F72B81 /* MaterialSwitch.app */ = {isa = PBXFileReference; explicitFileType = wrapper.application; includeInIndex = 0; path = MaterialSwitch.app; sourceTree = BUILT_PRODUCTS_DIR; };
		8081A7C120C138CB00F72B81 /* AppDelegate.swift */ = {isa = PBXFileReference; lastKnownFileType = sourcecode.swift; path = AppDelegate.swift; sourceTree = "<group>"; };
		8081A7C320C138CB00F72B81 /* ViewController.swift */ = {isa = PBXFileReference; lastKnownFileType = sourcecode.swift; path = ViewController.swift; sourceTree = "<group>"; };
		8081A7C620C138CB00F72B81 /* Base */ = {isa = PBXFileReference; lastKnownFileType = file.storyboard; name = Base; path = Base.lproj/Main.storyboard; sourceTree = "<group>"; };
		8081A7C820C138CE00F72B81 /* Assets.xcassets */ = {isa = PBXFileReference; lastKnownFileType = folder.assetcatalog; path = Assets.xcassets; sourceTree = "<group>"; };
		8081A7CB20C138CE00F72B81 /* Base */ = {isa = PBXFileReference; lastKnownFileType = file.storyboard; name = Base; path = Base.lproj/LaunchScreen.storyboard; sourceTree = "<group>"; };
		8081A7CD20C138CE00F72B81 /* Info.plist */ = {isa = PBXFileReference; lastKnownFileType = text.plist.xml; path = Info.plist; sourceTree = "<group>"; };
		8081A7D320C1391C00F72B81 /* MaterialSwitch.swift */ = {isa = PBXFileReference; lastKnownFileType = sourcecode.swift; path = MaterialSwitch.swift; sourceTree = "<group>"; };
/* End PBXFileReference section */

/* Begin PBXFrameworksBuildPhase section */
		8081A7BB20C138CB00F72B81 /* Frameworks */ = {
			isa = PBXFrameworksBuildPhase;
			buildActionMask = 2147483647;
			files = (
			);
			runOnlyForDeploymentPostprocessing = 0;
		};
/* End PBXFrameworksBuildPhase section */

/* Begin PBXGroup section */
		8081A7B520C138CB00F72B81 = {
			isa = PBXGroup;
			children = (
				8081A7C020C138CB00F72B81 /* MaterialSwitch */,
				8081A7BF20C138CB00F72B81 /* Products */,
			);
			sourceTree = "<group>";
		};
		8081A7BF20C138CB00F72B81 /* Products */ = {
			isa = PBXGroup;
			children = (
				8081A7BE20C138CB00F72B81 /* MaterialSwitch.app */,
			);
			name = Products;
			sourceTree = "<group>";
		};
		8081A7C020C138CB00F72B81 /* MaterialSwitch */ = {
			isa = PBXGroup;
			children = (
				8081A7C120C138CB00F72B81 /* AppDelegate.swift */,
				8081A7C320C138CB00F72B81 /* ViewController.swift */,
				8081A7C520C138CB00F72B81 /* Main.storyboard */,
				8081A7C820C138CE00F72B81 /* Assets.xcassets */,
				8081A7CA20C138CE00F72B81 /* LaunchScreen.storyboard */,
				8081A7CD20C138CE00F72B81 /* Info.plist */,
				8081A7D320C1391C00F72B81 /* MaterialSwitch.swift */,
			);
			path = MaterialSwitch;
			sourceTree = "<group>";
		};
/* End PBXGroup section */

/* Begin PBXNativeTarget section */
		8081A7BD20C138CB00F72B81 /* MaterialSwitch */ = {
			isa = PBXNativeTarget;
			buildConfigurationList = 8081A7D020C138CE00F72B81 /* Build configuration list for PBXNativeTarget "MaterialSwitch" */;
			buildPhases = (
				8081A7BA20C138CB00F72B81 /* Sources */,
				8081A7BB20C138CB00F72B81 /* Frameworks */,
				8081A7BC20C138CB00F72B81 /* Resources */,
			);
			buildRules = (
			);
			dependencies = (
			);
			name = MaterialSwitch;
			productName = MaterialSwitch;
			productReference = 8081A7BE20C138CB00F72B81 /* MaterialSwitch.app */;
			productType = "com.apple.product-type.application";
		};
/* End PBXNativeTarget section */

/* Begin PBXProject section */
		8081A7B620C138CB00F72B81 /* Project object */ = {
			isa = PBXProject;
			attributes = {
				LastSwiftUpdateCheck = 0930;
				LastUpgradeCheck = 0930;
				ORGANIZATIONNAME = TEST;
				TargetAttributes = {
					8081A7BD20C138CB00F72B81 = {
						CreatedOnToolsVersion = 9.3.1;
					};
				};
			};
			buildConfigurationList = 8081A7B920C138CB00F72B81 /* Build configuration list for PBXProject "MaterialSwitch" */;
			compatibilityVersion = "Xcode 9.3";
			developmentRegion = en;
			hasScannedForEncodings = 0;
			knownRegions = (
				en,
				Base,
			);
			mainGroup = 8081A7B520C138CB00F72B81;
			productRefGroup = 8081A7BF20C138CB00F72B81 /* Products */;
			projectDirPath = "";
			projectRoot = "";
			targets = (
				8081A7BD20C138CB00F72B81 /* MaterialSwitch */,
			);
		};
/* End PBXProject section */

/* Begin PBXResourcesBuildPhase section */
		8081A7BC20C138CB00F72B81 /* Resources */ = {
			isa = PBXResourcesBuildPhase;
			buildActionMask = 2147483647;
			files = (
				8081A7CC20C138CE00F72B81 /* LaunchScreen.storyboard in Resources */,
				8081A7C920C138CE00F72B81 /* Assets.xcassets in Resources */,
				8081A7C720C138CB00F72B81 /* Main.storyboard in Resources */,
			);
			runOnlyForDeploymentPostprocessing = 0;
		};
/* End PBXResourcesBuildPhase section */

/* Begin PBXSourcesBuildPhase section */
		8081A7BA20C138CB00F72B81 /* Sources */ = {
			isa = PBXSourcesBuildPhase;
			buildActionMask = 2147483647;
			files = (
				8081A7C420C138CB00F72B81 /* ViewController.swift in Sources */,
				8081A7C220C138CB00F72B81 /* AppDelegate.swift in Sources */,
				8081A7D420C1391C00F72B81 /* MaterialSwitch.swift in Sources */,
			);
			runOnlyForDeploymentPostprocessing = 0;
		};
/* End PBXSourcesBuildPhase section */

/* Begin PBXVariantGroup section */
		8081A7C520C138CB00F72B81 /* Main.storyboard */ = {
			isa = PBXVariantGroup;
			children = (
				8081A7C620C138CB00F72B81 /* Base */,
			);
			name = Main.storyboard;
			sourceTree = "<group>";
		};
		8081A7CA20C138CE00F72B81 /* LaunchScreen.storyboard */ = {
			isa = PBXVariantGroup;
			children = (
				8081A7CB20C138CE00F72B81 /* Base */,
			);
			name = LaunchScreen.storyboard;
			sourceTree = "<group>";
		};
/* End PBXVariantGroup section */

/* Begin XCBuildConfiguration section */
		8081A7CE20C138CE00F72B81 /* Debug */ = {
			isa = XCBuildConfiguration;
			buildSettings = {
				ALWAYS_SEARCH_USER_PATHS = NO;
				CLANG_ANALYZER_NONNULL = YES;
				CLANG_ANALYZER_NUMBER_OBJECT_CONVERSION = YES_AGGRESSIVE;
				CLANG_CXX_LANGUAGE_STANDARD = "gnu++14";
				CLANG_CXX_LIBRARY = "libc++";
				CLANG_ENABLE_MODULES = YES;
				CLANG_ENABLE_OBJC_ARC = YES;
				CLANG_ENABLE_OBJC_WEAK = YES;
				CLANG_WARN_BLOCK_CAPTURE_AUTORELEASING = YES;
				CLANG_WARN_BOOL_CONVERSION = YES;
				CLANG_WARN_COMMA = YES;
				CLANG_WARN_CONSTANT_CONVERSION = YES;
				CLANG_WARN_DEPRECATED_OBJC_IMPLEMENTATIONS = YES;
				CLANG_WARN_DIRECT_OBJC_ISA_USAGE = YES_ERROR;
				CLANG_WARN_DOCUMENTATION_COMMENTS = YES;
				CLANG_WARN_EMPTY_BODY = YES;
				CLANG_WARN_ENUM_CONVERSION = YES;
				CLANG_WARN_INFINITE_RECURSION = YES;
				CLANG_WARN_INT_CONVERSION = YES;
				CLANG_WARN_NON_LITERAL_NULL_CONVERSION = YES;
				CLANG_WARN_OBJC_IMPLICIT_RETAIN_SELF = YES;
				CLANG_WARN_OBJC_LITERAL_CONVERSION = YES;
				CLANG_WARN_OBJC_ROOT_CLASS = YES_ERROR;
				CLANG_WARN_RANGE_LOOP_ANALYSIS = YES;
				CLANG_WARN_STRICT_PROTOTYPES = YES;
				CLANG_WARN_SUSPICIOUS_MOVE = YES;
				CLANG_WARN_UNGUARDED_AVAILABILITY = YES_AGGRESSIVE;
				CLANG_WARN_UNREACHABLE_CODE = YES;
				CLANG_WARN__DUPLICATE_METHOD_MATCH = YES;
				CODE_SIGN_IDENTITY = "iPhone Developer";
				COPY_PHASE_STRIP = NO;
				DEBUG_INFORMATION_FORMAT = dwarf;
				ENABLE_STRICT_OBJC_MSGSEND = YES;
				ENABLE_TESTABILITY = YES;
				GCC_C_LANGUAGE_STANDARD = gnu11;
				GCC_DYNAMIC_NO_PIC = NO;
				GCC_NO_COMMON_BLOCKS = YES;
				GCC_OPTIMIZATION_LEVEL = 0;
				GCC_PREPROCESSOR_DEFINITIONS = (
					"DEBUG=1",
					"$(inherited)",
				);
				GCC_WARN_64_TO_32_BIT_CONVERSION = YES;
				GCC_WARN_ABOUT_RETURN_TYPE = YES_ERROR;
				GCC_WARN_UNDECLARED_SELECTOR = YES;
				GCC_WARN_UNINITIALIZED_AUTOS = YES_AGGRESSIVE;
				GCC_WARN_UNUSED_FUNCTION = YES;
				GCC_WARN_UNUSED_VARIABLE = YES;
				IPHONEOS_DEPLOYMENT_TARGET = 11.3;
				MTL_ENABLE_DEBUG_INFO = YES;
				ONLY_ACTIVE_ARCH = YES;
				SDKROOT = iphoneos;
				SWIFT_ACTIVE_COMPILATION_CONDITIONS = DEBUG;
				SWIFT_OPTIMIZATION_LEVEL = "-Onone";
			};
			name = Debug;
		};
		8081A7CF20C138CE00F72B81 /* Release */ = {
			isa = XCBuildConfiguration;
			buildSettings = {
				ALWAYS_SEARCH_USER_PATHS = NO;
				CLANG_ANALYZER_NONNULL = YES;
				CLANG_ANALYZER_NUMBER_OBJECT_CONVERSION = YES_AGGRESSIVE;
				CLANG_CXX_LANGUAGE_STANDARD = "gnu++14";
				CLANG_CXX_LIBRARY = "libc++";
				CLANG_ENABLE_MODULES = YES;
				CLANG_ENABLE_OBJC_ARC = YES;
				CLANG_ENABLE_OBJC_WEAK = YES;
				CLANG_WARN_BLOCK_CAPTURE_AUTORELEASING = YES;
				CLANG_WARN_BOOL_CONVERSION = YES;
				CLANG_WARN_COMMA = YES;
				CLANG_WARN_CONSTANT_CONVERSION = YES;
				CLANG_WARN_DEPRECATED_OBJC_IMPLEMENTATIONS = YES;
				CLANG_WARN_DIRECT_OBJC_ISA_USAGE = YES_ERROR;
				CLANG_WARN_DOCUMENTATION_COMMENTS = YES;
				CLANG_WARN_EMPTY_BODY = YES;
				CLANG_WARN_ENUM_CONVERSION = YES;
				CLANG_WARN_INFINITE_RECURSION = YES;
				CLANG_WARN_INT_CONVERSION = YES;
				CLANG_WARN_NON_LITERAL_NULL_CONVERSION = YES;
				CLANG_WARN_OBJC_IMPLICIT_RETAIN_SELF = YES;
				CLANG_WARN_OBJC_LITERAL_CONVERSION = YES;
				CLANG_WARN_OBJC_ROOT_CLASS = YES_ERROR;
				CLANG_WARN_RANGE_LOOP_ANALYSIS = YES;
				CLANG_WARN_STRICT_PROTOTYPES = YES;
				CLANG_WARN_SUSPICIOUS_MOVE = YES;
				CLANG_WARN_UNGUARDED_AVAILABILITY = YES_AGGRESSIVE;
				CLANG_WARN_UNREACHABLE_CODE = YES;
				CLANG_WARN__DUPLICATE_METHOD_MATCH = YES;
				CODE_SIGN_IDENTITY = "iPhone Developer";
				COPY_PHASE_STRIP = NO;
				DEBUG_INFORMATION_FORMAT = "dwarf-with-dsym";
				ENABLE_NS_ASSERTIONS = NO;
				ENABLE_STRICT_OBJC_MSGSEND = YES;
				GCC_C_LANGUAGE_STANDARD = gnu11;
				GCC_NO_COMMON_BLOCKS = YES;
				GCC_WARN_64_TO_32_BIT_CONVERSION = YES;
				GCC_WARN_ABOUT_RETURN_TYPE = YES_ERROR;
				GCC_WARN_UNDECLARED_SELECTOR = YES;
				GCC_WARN_UNINITIALIZED_AUTOS = YES_AGGRESSIVE;
				GCC_WARN_UNUSED_FUNCTION = YES;
				GCC_WARN_UNUSED_VARIABLE = YES;
				IPHONEOS_DEPLOYMENT_TARGET = 11.3;
				MTL_ENABLE_DEBUG_INFO = NO;
				SDKROOT = iphoneos;
				SWIFT_COMPILATION_MODE = wholemodule;
				SWIFT_OPTIMIZATION_LEVEL = "-O";
				VALIDATE_PRODUCT = YES;
			};
			name = Release;
		};
		8081A7D120C138CE00F72B81 /* Debug */ = {
			isa = XCBuildConfiguration;
			buildSettings = {
				ASSETCATALOG_COMPILER_APPICON_NAME = AppIcon;
				CODE_SIGN_STYLE = Automatic;
				INFOPLIST_FILE = MaterialSwitch/Info.plist;
				LD_RUNPATH_SEARCH_PATHS = (
					"$(inherited)",
					"@executable_path/Frameworks",
				);
				PRODUCT_BUNDLE_IDENTIFIER = Du.MaterialSwitch;
				PRODUCT_NAME = "$(TARGET_NAME)";
				SWIFT_VERSION = 4.0;
				TARGETED_DEVICE_FAMILY = "1,2";
			};
			name = Debug;
		};
		8081A7D220C138CE00F72B81 /* Release */ = {
			isa = XCBuildConfiguration;
			buildSettings = {
				ASSETCATALOG_COMPILER_APPICON_NAME = AppIcon;
				CODE_SIGN_STYLE = Automatic;
				INFOPLIST_FILE = MaterialSwitch/Info.plist;
				LD_RUNPATH_SEARCH_PATHS = (
					"$(inherited)",
					"@executable_path/Frameworks",
				);
				PRODUCT_BUNDLE_IDENTIFIER = Du.MaterialSwitch;
				PRODUCT_NAME = "$(TARGET_NAME)";
				SWIFT_VERSION = 4.0;
				TARGETED_DEVICE_FAMILY = "1,2";
			};
			name = Release;
		};
/* End XCBuildConfiguration section */

/* Begin XCConfigurationList section */
		8081A7B920C138CB00F72B81 /* Build configuration list for PBXProject "MaterialSwitch" */ = {
			isa = XCConfigurationList;
			buildConfigurations = (
				8081A7CE20C138CE00F72B81 /* Debug */,
				8081A7CF20C138CE00F72B81 /* Release */,
			);
			defaultConfigurationIsVisible = 0;
			defaultConfigurationName = Release;
		};
		8081A7D020C138CE00F72B81 /* Build configuration list for PBXNativeTarget "MaterialSwitch" */ = {
			isa = XCConfigurationList;
			buildConfigurations = (
				8081A7D120C138CE00F72B81 /* Debug */,
				8081A7D220C138CE00F72B81 /* Release */,
			);
			defaultConfigurationIsVisible = 0;
			defaultConfigurationName = Release;
		};
/* End XCConfigurationList section */
	};
	rootObject = 8081A7B620C138CB00F72B81 /* Project object */;
}
